
Microsoft Visual Studio Solution File, Format Version 12.00
# Visual Studio 15
VisualStudioVersion = 15.0.28307.1401
MinimumVisualStudioVersion = 10.0.40219.1
Project("{FAE04EC0-301F-11D3-BF4B-00C04F79EFBC}") = "DeliveryFood", "DeliveryFood\DeliveryFood.csproj", "{ABC4EB70-2482-4A36-8A35-70AE13260EFA}"
EndProject
Project("{FAE04EC0-301F-11D3-BF4B-00C04F79EFBC}") = "DeliveryFoodTests", "DeliveryFoodTests\DeliveryFoodTests.csproj", "{854F6821-9D20-40CF-A4BB-44E74F1DB019}"
EndProject
Global
	GlobalSection(SolutionConfigurationPlatforms) = preSolution
		Debug|Any CPU = Debug|Any CPU
		Release|Any CPU = Release|Any CPU
	EndGlobalSection
	GlobalSection(ProjectConfigurationPlatforms) = postSolution
		{ABC4EB70-2482-4A36-8A35-70AE13260EFA}.Debug|Any CPU.ActiveCfg = Debug|Any CPU
		{ABC4EB70-2482-4A36-8A35-70AE13260EFA}.Debug|Any CPU.Build.0 = Debug|Any CPU
		{ABC4EB70-2482-4A36-8A35-70AE13260EFA}.Release|Any CPU.ActiveCfg = Release|Any CPU
		{ABC4EB70-2482-4A36-8A35-70AE13260EFA}.Release|Any CPU.Build.0 = Release|Any CPU
		{854F6821-9D20-40CF-A4BB-44E74F1DB019}.Debug|Any CPU.ActiveCfg = Debug|Any CPU
		{854F6821-9D20-40CF-A4BB-44E74F1DB019}.Debug|Any CPU.Build.0 = Debug|Any CPU
		{854F6821-9D20-40CF-A4BB-44E74F1DB019}.Release|Any CPU.ActiveCfg = Release|Any CPU
		{854F6821-9D20-40CF-A4BB-44E74F1DB019}.Release|Any CPU.Build.0 = Release|Any CPU
	EndGlobalSection
	GlobalSection(SolutionProperties) = preSolution
		HideSolutionNode = FALSE
	EndGlobalSection
	GlobalSection(ExtensibilityGlobals) = postSolution
		SolutionGuid = {201E16E5-AF28-43CE-A3C5-92B526A12F69}
	EndGlobalSection
EndGlobal
